apiVersion: vendir.k14s.io/v1alpha1
directories:
- contents:
  - http: {}
    path: mdi
  - http: {}
    path: photoswipe
  - http: {}
    path: cropperjs
  - http: {}
    path: daisyui
  - http: {}
    path: tailwindcss-browser
  - http: {}
    path: htmx
  - http: {}
    path: alpinejs
  - http: {}
    path: sentry
  path: stricknani/static/vendor
kind: LockConfig
